
Microsoft Visual Studio Solution File, Format Version 12.00
# Visual Studio Version 17
VisualStudioVersion = 17.6.33801.468
MinimumVisualStudioVersion = 10.0.40219.1
Project("{9A19103F-16F7-4668-BE54-9A1E7A4F7556}") = "Loteria.Gen", "Loteria.Gen\Loteria.Gen.csproj", "{BF3644B8-DEF8-46B2-9CA3-2AB8606483C9}"
EndProject
Project("{9A19103F-16F7-4668-BE54-9A1E7A4F7556}") = "LoteryGenerator", "LoteryGenerator\LoteryGenerator.csproj", "{92B0FE1E-79F9-4EB2-AC1C-492F92A6FB95}"
EndProject
Global
	GlobalSection(SolutionConfigurationPlatforms) = preSolution
		Debug|Any CPU = Debug|Any CPU
		Release|Any CPU = Release|Any CPU
	EndGlobalSection
	GlobalSection(ProjectConfigurationPlatforms) = postSolution
		{BF3644B8-DEF8-46B2-9CA3-2AB8606483C9}.Debug|Any CPU.ActiveCfg = Debug|Any CPU
		{BF3644B8-DEF8-46B2-9CA3-2AB8606483C9}.Debug|Any CPU.Build.0 = Debug|Any CPU
		{BF3644B8-DEF8-46B2-9CA3-2AB8606483C9}.Release|Any CPU.ActiveCfg = Release|Any CPU
		{BF3644B8-DEF8-46B2-9CA3-2AB8606483C9}.Release|Any CPU.Build.0 = Release|Any CPU
		{92B0FE1E-79F9-4EB2-AC1C-492F92A6FB95}.Debug|Any CPU.ActiveCfg = Debug|Any CPU
		{92B0FE1E-79F9-4EB2-AC1C-492F92A6FB95}.Debug|Any CPU.Build.0 = Debug|Any CPU
		{92B0FE1E-79F9-4EB2-AC1C-492F92A6FB95}.Release|Any CPU.ActiveCfg = Release|Any CPU
		{92B0FE1E-79F9-4EB2-AC1C-492F92A6FB95}.Release|Any CPU.Build.0 = Release|Any CPU
	EndGlobalSection
	GlobalSection(SolutionProperties) = preSolution
		HideSolutionNode = FALSE
	EndGlobalSection
	GlobalSection(ExtensibilityGlobals) = postSolution
		SolutionGuid = {7A2115EF-DE7E-451E-819C-20DCC4B95A6E}
	EndGlobalSection
EndGlobal
